
Microsoft Visual Studio Solution File, Format Version 12.00
# Visual Studio Version 16
VisualStudioVersion = 16.0.32228.343
MinimumVisualStudioVersion = 10.0.40219.1
Project("{FAE04EC0-301F-11D3-BF4B-00C04F79EFBC}") = "ETrade.Entities", "ETrade.Entities\ETrade.Entities.csproj", "{FA3FFB13-9BB0-40BF-8727-D54328EE95A0}"
EndProject
Project("{FAE04EC0-301F-11D3-BF4B-00C04F79EFBC}") = "Etrade.Business", "Etrade.Business\Etrade.Business.csproj", "{F5A750CF-5B94-46DF-9402-DA8280D3F499}"
EndProject
Project("{FAE04EC0-301F-11D3-BF4B-00C04F79EFBC}") = "ETrade.DataAccess", "ETrade.DataAccess\ETrade.DataAccess.csproj", "{3C31A96E-4CB5-4175-B3FB-ECC57F0FC6A2}"
EndProject
Project("{FAE04EC0-301F-11D3-BF4B-00C04F79EFBC}") = "EtradeMVC", "EtradeMVC\EtradeMVC.csproj", "{3D61C7B1-C777-4B8E-B6BA-32E920E99C1E}"
EndProject
Project("{FAE04EC0-301F-11D3-BF4B-00C04F79EFBC}") = "ETrade.Devframework.Core", "ETrade.Devframework.Core\ETrade.Devframework.Core.csproj", "{E5B11DAE-0866-4D2A-B5B6-187D1E04397F}"
EndProject
Global
	GlobalSection(SolutionConfigurationPlatforms) = preSolution
		Debug|Any CPU = Debug|Any CPU
		Release|Any CPU = Release|Any CPU
	EndGlobalSection
	GlobalSection(ProjectConfigurationPlatforms) = postSolution
		{FA3FFB13-9BB0-40BF-8727-D54328EE95A0}.Debug|Any CPU.ActiveCfg = Debug|Any CPU
		{FA3FFB13-9BB0-40BF-8727-D54328EE95A0}.Debug|Any CPU.Build.0 = Debug|Any CPU
		{FA3FFB13-9BB0-40BF-8727-D54328EE95A0}.Release|Any CPU.ActiveCfg = Release|Any CPU
		{FA3FFB13-9BB0-40BF-8727-D54328EE95A0}.Release|Any CPU.Build.0 = Release|Any CPU
		{F5A750CF-5B94-46DF-9402-DA8280D3F499}.Debug|Any CPU.ActiveCfg = Debug|Any CPU
		{F5A750CF-5B94-46DF-9402-DA8280D3F499}.Debug|Any CPU.Build.0 = Debug|Any CPU
		{F5A750CF-5B94-46DF-9402-DA8280D3F499}.Release|Any CPU.ActiveCfg = Release|Any CPU
		{F5A750CF-5B94-46DF-9402-DA8280D3F499}.Release|Any CPU.Build.0 = Release|Any CPU
		{3C31A96E-4CB5-4175-B3FB-ECC57F0FC6A2}.Debug|Any CPU.ActiveCfg = Debug|Any CPU
		{3C31A96E-4CB5-4175-B3FB-ECC57F0FC6A2}.Debug|Any CPU.Build.0 = Debug|Any CPU
		{3C31A96E-4CB5-4175-B3FB-ECC57F0FC6A2}.Release|Any CPU.ActiveCfg = Release|Any CPU
		{3C31A96E-4CB5-4175-B3FB-ECC57F0FC6A2}.Release|Any CPU.Build.0 = Release|Any CPU
		{3D61C7B1-C777-4B8E-B6BA-32E920E99C1E}.Debug|Any CPU.ActiveCfg = Debug|Any CPU
		{3D61C7B1-C777-4B8E-B6BA-32E920E99C1E}.Debug|Any CPU.Build.0 = Debug|Any CPU
		{3D61C7B1-C777-4B8E-B6BA-32E920E99C1E}.Release|Any CPU.ActiveCfg = Release|Any CPU
		{3D61C7B1-C777-4B8E-B6BA-32E920E99C1E}.Release|Any CPU.Build.0 = Release|Any CPU
		{E5B11DAE-0866-4D2A-B5B6-187D1E04397F}.Debug|Any CPU.ActiveCfg = Debug|Any CPU
		{E5B11DAE-0866-4D2A-B5B6-187D1E04397F}.Debug|Any CPU.Build.0 = Debug|Any CPU
		{E5B11DAE-0866-4D2A-B5B6-187D1E04397F}.Release|Any CPU.ActiveCfg = Release|Any CPU
		{E5B11DAE-0866-4D2A-B5B6-187D1E04397F}.Release|Any CPU.Build.0 = Release|Any CPU
	EndGlobalSection
	GlobalSection(SolutionProperties) = preSolution
		HideSolutionNode = FALSE
	EndGlobalSection
	GlobalSection(ExtensibilityGlobals) = postSolution
		SolutionGuid = {796BF66D-7271-4B4F-8904-9939E5782357}
	EndGlobalSection
EndGlobal
